
Microsoft Visual Studio Solution File, Format Version 12.00
# Visual Studio Version 17
VisualStudioVersion = 17.12.35527.113
MinimumVisualStudioVersion = 10.0.40219.1
Project("{FAE04EC0-301F-11D3-BF4B-00C04F79EFBC}") = "FIAPCloudGames.Api", "src\FIAPCloudGames.Api\FIAPCloudGames.Api.csproj", "{966F6D2D-7C64-47F9-9BD4-553587EE6714}"
EndProject
Project("{FAE04EC0-301F-11D3-BF4B-00C04F79EFBC}") = "FIAPCloudGames.Application", "src\FIAPCloudGames.Application\FIAPCloudGames.Application.csproj", "{81E9314D-A7AC-4F75-9B12-D82CA35A1FA0}"
EndProject
Project("{FAE04EC0-301F-11D3-BF4B-00C04F79EFBC}") = "FIAPCloudGames.Domain", "src\FIAPCloudGames.Domain\FIAPCloudGames.Domain.csproj", "{952B6E56-D3A2-43F7-B103-4661981FFB01}"
EndProject
Project("{FAE04EC0-301F-11D3-BF4B-00C04F79EFBC}") = "FIAPCloudGames.Infrastructure", "src\FIAPCloudGames.Infrastructure\FIAPCloudGames.Infrastructure.csproj", "{2C18F48E-D461-4D82-8A07-D93D510EEA28}"
EndProject
Global
	GlobalSection(SolutionConfigurationPlatforms) = preSolution
		Debug|Any CPU = Debug|Any CPU
		Release|Any CPU = Release|Any CPU
	EndGlobalSection
	GlobalSection(ProjectConfigurationPlatforms) = postSolution
		{966F6D2D-7C64-47F9-9BD4-553587EE6714}.Debug|Any CPU.ActiveCfg = Debug|Any CPU
		{966F6D2D-7C64-47F9-9BD4-553587EE6714}.Debug|Any CPU.Build.0 = Debug|Any CPU
		{966F6D2D-7C64-47F9-9BD4-553587EE6714}.Release|Any CPU.ActiveCfg = Release|Any CPU
		{966F6D2D-7C64-47F9-9BD4-553587EE6714}.Release|Any CPU.Build.0 = Release|Any CPU
		{81E9314D-A7AC-4F75-9B12-D82CA35A1FA0}.Debug|Any CPU.ActiveCfg = Debug|Any CPU
		{81E9314D-A7AC-4F75-9B12-D82CA35A1FA0}.Debug|Any CPU.Build.0 = Debug|Any CPU
		{81E9314D-A7AC-4F75-9B12-D82CA35A1FA0}.Release|Any CPU.ActiveCfg = Release|Any CPU
		{81E9314D-A7AC-4F75-9B12-D82CA35A1FA0}.Release|Any CPU.Build.0 = Release|Any CPU
		{952B6E56-D3A2-43F7-B103-4661981FFB01}.Debug|Any CPU.ActiveCfg = Debug|Any CPU
		{952B6E56-D3A2-43F7-B103-4661981FFB01}.Debug|Any CPU.Build.0 = Debug|Any CPU
		{952B6E56-D3A2-43F7-B103-4661981FFB01}.Release|Any CPU.ActiveCfg = Release|Any CPU
		{952B6E56-D3A2-43F7-B103-4661981FFB01}.Release|Any CPU.Build.0 = Release|Any CPU
		{2C18F48E-D461-4D82-8A07-D93D510EEA28}.Debug|Any CPU.ActiveCfg = Debug|Any CPU
		{2C18F48E-D461-4D82-8A07-D93D510EEA28}.Debug|Any CPU.Build.0 = Debug|Any CPU
		{2C18F48E-D461-4D82-8A07-D93D510EEA28}.Release|Any CPU.ActiveCfg = Release|Any CPU
		{2C18F48E-D461-4D82-8A07-D93D510EEA28}.Release|Any CPU.Build.0 = Release|Any CPU
	EndGlobalSection
	GlobalSection(SolutionProperties) = preSolution
		HideSolutionNode = FALSE
	EndGlobalSection
EndGlobal
